
Microsoft Visual Studio Solution File, Format Version 12.00
# Visual Studio Version 16
VisualStudioVersion = 16.0.29318.209
MinimumVisualStudioVersion = 10.0.40219.1
Project("{FAE04EC0-301F-11D3-BF4B-00C04F79EFBC}") = "CPUScheduling", "CPUScheduling\CPUScheduling.csproj", "{1FBE8F14-52A6-419C-82B0-7D041810642A}"
EndProject
Global
	GlobalSection(SolutionConfigurationPlatforms) = preSolution
		Debug|Any CPU = Debug|Any CPU
		Release|Any CPU = Release|Any CPU
	EndGlobalSection
	GlobalSection(ProjectConfigurationPlatforms) = postSolution
		{1FBE8F14-52A6-419C-82B0-7D041810642A}.Debug|Any CPU.ActiveCfg = Debug|Any CPU
		{1FBE8F14-52A6-419C-82B0-7D041810642A}.Debug|Any CPU.Build.0 = Debug|Any CPU
		{1FBE8F14-52A6-419C-82B0-7D041810642A}.Release|Any CPU.ActiveCfg = Release|Any CPU
		{1FBE8F14-52A6-419C-82B0-7D041810642A}.Release|Any CPU.Build.0 = Release|Any CPU
	EndGlobalSection
	GlobalSection(SolutionProperties) = preSolution
		HideSolutionNode = FALSE
	EndGlobalSection
	GlobalSection(ExtensibilityGlobals) = postSolution
		SolutionGuid = {3DCCD626-7334-4A03-9EB6-CB90166C86CB}
	EndGlobalSection
EndGlobal
